<?xml version="1.0" encoding="utf-8"?>
<Project ToolsVersion="4.0" xmlns="http://schemas.microsoft.com/developer/msbuild/2003">
  <ItemGroup>
    <Filter Include="Source Files">
      <UniqueIdentifier>{4FC737F1-C7A5-4376-A066-2A32D752A2FF}</UniqueIdentifier>
      <Extensions>cpp;c;cc;cxx;def;odl;idl;hpj;bat;asm;asmx</Extensions>
    </Filter>
    <Filter Include="Header Files">
      <UniqueIdentifier>{93995380-89BD-4b04-88EB-625FBE52EBFB}</UniqueIdentifier>
      <Extensions>h;hh;hpp;hxx;hm;inl;inc;xsd</Extensions>
    </Filter>
    <Filter Include="Source Files\Resource Files">
      <UniqueIdentifier>{67DA6AB6-F800-4c08-8B7A-83BB121AAD01}</UniqueIdentifier>
      <Extensions>rc;ico;cur;bmp;dlg;rc2;rct;bin;rgs;gif;jpg;jpeg;jpe;resx;tiff;tif;png;wav;mfcribbon-ms</Extensions>
    </Filter>
  </ItemGroup>
  <ItemGroup>
    <ClCompile Include="DynamixelServo.cpp">
      <Filter>Source Files</Filter>
    </ClCompile>
    <ClCompile Include="DynamixelController.cpp">
      <Filter>Source Files</Filter>
    </ClCompile>
    <ClCompile Include="AnthonysKeyCodes.h">
      <Filter>Header Files</Filter>
    </ClCompile>
    <ClCompile Include="QRcode.h">
      <Filter>Header Files</Filter>
    </ClCompile>
    <ClCompile Include="WormPicker.cpp">
      <Filter>Source Files</Filter>
    </ClCompile>
    <ClCompile Include="WormPick.cpp">
      <Filter>Source Files</Filter>
    </ClCompile>
    <ClCompile Include="ThreadFuncs.cpp">
      <Filter>Source Files</Filter>
    </ClCompile>
    <ClCompile Include="ShapeFinder.cpp">
      <Filter>Source Files</Filter>
    </ClCompile>
    <ClCompile Include="ScriptActions.cpp">
      <Filter>Source Files</Filter>
    </ClCompile>
    <ClCompile Include="QRcode.cpp">
      <Filter>Source Files</Filter>
    </ClCompile>
    <ClCompile Include="PlateTray.cpp">
      <Filter>Source Files</Filter>
    </ClCompile>
    <ClCompile Include="OxCnc.cpp">
      <Filter>Source Files</Filter>
    </ClCompile>
    <ClCompile Include="LabJackFuncs.cpp">
      <Filter>Source Files</Filter>
    </ClCompile>
    <ClCompile Include="ImageFuncs.cpp">
      <Filter>Source Files</Filter>
    </ClCompile>
    <ClCompile Include="ErrorNotifier.cpp">
      <Filter>Source Files</Filter>
    </ClCompile>
    <ClCompile Include="ControlledExit.cpp">
      <Filter>Source Files</Filter>
    </ClCompile>
    <ClCompile Include="..\WormWatcher\CameraFinder.cpp">
      <Filter>Source Files</Filter>
    </ClCompile>
    <ClCompile Include="Camera.cpp">
      <Filter>Source Files</Filter>
    </ClCompile>
    <ClCompile Include="BufferedAsyncSerial.cpp">
      <Filter>Source Files</Filter>
    </ClCompile>
    <ClCompile Include="Barcode.cpp">
      <Filter>Source Files</Filter>
    </ClCompile>
    <ClCompile Include="AsyncSerial.cpp">
      <Filter>Source Files</Filter>
    </ClCompile>
    <ClCompile Include="AnthonysTimer.cpp">
      <Filter>Source Files</Filter>
    </ClCompile>
    <ClCompile Include="AnthonysCalculations.cpp">
      <Filter>Source Files</Filter>
    </ClCompile>
    <ClCompile Include="WormShape.cpp">
      <Filter>Source Files</Filter>
    </ClCompile>
    <ClCompile Include="BaslerCam.cpp">
      <Filter>Source Files</Filter>
    </ClCompile>
    <ClCompile Include="CameraFactory.cpp">
      <Filter>Source Files</Filter>
    </ClCompile>
    <ClCompile Include="AbstractCamera.cpp">
      <Filter>Source Files</Filter>
    </ClCompile>
    <ClCompile Include="GenericCamera.cpp">
      <Filter>Source Files</Filter>
    </ClCompile>
    <ClCompile Include="Config.cpp">
      <Filter>Source Files</Filter>
    </ClCompile>
    <ClCompile Include="WPHelper.cpp">
      <Filter>Source Files</Filter>
    </ClCompile>
    <ClCompile Include="PlateMap.cpp">
      <Filter>Source Files</Filter>
    </ClCompile>
    <ClCompile Include="ThorlabsCamera.cpp">
      <Filter>Source Files</Filter>
    </ClCompile>
    <ClCompile Include="..\DNN\DnnHelper.cpp">
      <Filter>Source Files</Filter>
    </ClCompile>
    <ClCompile Include="..\ActivityCalc\DirList.cpp">
      <Filter>Source Files</Filter>
    </ClCompile>
    <ClCompile Include="..\ActivityCalc\showDebugImage.cpp">
      <Filter>Source Files</Filter>
    </ClCompile>
    <ClCompile Include="ControlPanel.cpp">
      <Filter>Source Files</Filter>
    </ClCompile>
    <ClCompile Include="Worms.cpp">
      <Filter>Source Files</Filter>
    </ClCompile>
    <ClCompile Include="TestScripts.cpp">
      <Filter>Source Files</Filter>
    </ClCompile>
    <ClCompile Include="Worm.cpp">
      <Filter>Source Files</Filter>
    </ClCompile>
    <ClCompile Include="WormFinder.cpp">
      <Filter>Source Files</Filter>
    </ClCompile>
    <ClCompile Include="..\DNN\mask_rcnn.cpp">
      <Filter>Source Files</Filter>
    </ClCompile>
    <ClCompile Include="ActuonixController.cpp">
      <Filter>Source Files</Filter>
    </ClCompile>
    <ClCompile Include="LidHandler.cpp">
      <Filter>Source Files</Filter>
    </ClCompile>
    <ClCompile Include="PlateTracker.cpp">
      <Filter>Source Files</Filter>
    </ClCompile>
    <ClCompile Include="Database.cpp">
      <Filter>Source Files</Filter>
    </ClCompile>
    <ClCompile Include="WormSocket.cpp">
      <Filter>Source Files</Filter>
    </ClCompile>
    <ClCompile Include="SocketProgramming.cpp">
      <Filter>Source Files</Filter>
    </ClCompile>
    <ClCompile Include="ImagingSourceCamera.cpp">
      <Filter>Source Files</Filter>
    </ClCompile>
    <ClCompile Include="WorMotel.cpp">
      <Filter>Source Files</Filter>
    </ClCompile>
  </ItemGroup>
  <ItemGroup>
    <ClInclude Include="AnthonysColors.h">
      <Filter>Header Files</Filter>
    </ClInclude>
    <ClInclude Include="ImageFuncs.h">
      <Filter>Header Files</Filter>
    </ClInclude>
    <ClInclude Include="AnthonysTimer.h">
      <Filter>Header Files</Filter>
    </ClInclude>
    <ClInclude Include="ThreadFuncs.h">
      <Filter>Header Files</Filter>
    </ClInclude>
    <ClInclude Include="AnthonysCalculations.h">
      <Filter>Header Files</Filter>
    </ClInclude>
    <ClInclude Include="AsyncSerial.h">
      <Filter>Header Files</Filter>
    </ClInclude>
    <ClInclude Include="BufferedAsyncSerial.h">
      <Filter>Header Files</Filter>
    </ClInclude>
    <ClInclude Include="OxCnc.h">
      <Filter>Header Files</Filter>
    </ClInclude>
    <ClInclude Include="DynamixelController.h">
      <Filter>Header Files</Filter>
    </ClInclude>
    <ClInclude Include="DynamixelControlTable.h">
      <Filter>Header Files</Filter>
    </ClInclude>
    <ClInclude Include="WormPick.h">
      <Filter>Header Files</Filter>
    </ClInclude>
    <ClInclude Include="DynamixelServo.h">
      <Filter>Header Files</Filter>
    </ClInclude>
    <ClInclude Include="LabJackFuncs.h">
      <Filter>Header Files</Filter>
    </ClInclude>
    <ClInclude Include="stdafx.h">
      <Filter>Header Files</Filter>
    </ClInclude>
    <ClInclude Include="dirent.h">
      <Filter>Header Files</Filter>
    </ClInclude>
    <ClInclude Include="Camera.h">
      <Filter>Header Files</Filter>
    </ClInclude>
    <ClInclude Include="StrictLock.h">
      <Filter>Header Files</Filter>
    </ClInclude>
    <ClInclude Include="PlateTray.h">
      <Filter>Header Files</Filter>
    </ClInclude>
    <ClInclude Include="MatIndex.h">
      <Filter>Header Files</Filter>
    </ClInclude>
    <ClInclude Include="PlateTrayScriptStep.h">
      <Filter>Header Files</Filter>
    </ClInclude>
    <ClInclude Include="Script.h">
      <Filter>Header Files</Filter>
    </ClInclude>
    <ClInclude Include="SharedOutFile.h">
      <Filter>Header Files</Filter>
    </ClInclude>
    <ClInclude Include="Barcode.h">
      <Filter>Header Files</Filter>
    </ClInclude>
    <ClInclude Include="ShapeFinder.h">
      <Filter>Header Files</Filter>
    </ClInclude>
    <ClInclude Include="FileNames.h">
      <Filter>Header Files</Filter>
    </ClInclude>
    <ClInclude Include="ControlledExit.h">
      <Filter>Header Files</Filter>
    </ClInclude>
    <ClInclude Include="ScriptActions.h">
      <Filter>Header Files</Filter>
    </ClInclude>
    <ClInclude Include="LabJackWB.h">
      <Filter>Header Files</Filter>
    </ClInclude>
    <ClInclude Include="ErrorNotifier.h">
      <Filter>Header Files</Filter>
    </ClInclude>
    <ClInclude Include="HardwareSelector.h">
      <Filter>Header Files</Filter>
    </ClInclude>
    <ClInclude Include="WormShape.h">
      <Filter>Header Files</Filter>
    </ClInclude>
    <ClInclude Include="BaslerCam.h">
      <Filter>Header Files</Filter>
    </ClInclude>
    <ClInclude Include="CameraFactory.h">
      <Filter>Header Files</Filter>
    </ClInclude>
    <ClInclude Include="AbstractCamera.h">
      <Filter>Header Files</Filter>
    </ClInclude>
    <ClInclude Include="GenericCamera.h">
      <Filter>Header Files</Filter>
    </ClInclude>
    <ClInclude Include="json.hpp">
      <Filter>Header Files</Filter>
    </ClInclude>
    <ClInclude Include="Config.h">
      <Filter>Header Files</Filter>
    </ClInclude>
    <ClInclude Include="WPHelper.h">
      <Filter>Header Files</Filter>
    </ClInclude>
    <ClInclude Include="PlateMap.h">
      <Filter>Header Files</Filter>
    </ClInclude>
    <ClInclude Include="ThorlabsCamera.h">
      <Filter>Header Files</Filter>
    </ClInclude>
    <ClInclude Include="ControlPanel.h">
      <Filter>Header Files</Filter>
    </ClInclude>
    <ClInclude Include="Worms.h">
      <Filter>Header Files</Filter>
    </ClInclude>
    <ClInclude Include="TestScripts.h">
      <Filter>Header Files</Filter>
    </ClInclude>
    <ClInclude Include="Worm.h">
      <Filter>Header Files</Filter>
    </ClInclude>
    <ClInclude Include="WormFinder.h">
      <Filter>Header Files</Filter>
    </ClInclude>
    <ClInclude Include="WormExceptions.h">
      <Filter>Header Files</Filter>
    </ClInclude>
    <ClInclude Include="ActuonixController.h">
      <Filter>Header Files</Filter>
    </ClInclude>
    <ClInclude Include="LidHandler.h">
      <Filter>Header Files</Filter>
    </ClInclude>
    <ClInclude Include="PlateTracker.h">
      <Filter>Header Files</Filter>
    </ClInclude>
    <ClInclude Include="Database.h">
      <Filter>Header Files</Filter>
    </ClInclude>
    <ClInclude Include="WormSocket.h">
      <Filter>Header Files</Filter>
    </ClInclude>
    <ClInclude Include="SocketProgramming.h">
      <Filter>Header Files</Filter>
    </ClInclude>
    <ClInclude Include="ImagingSourceCamera.h">
      <Filter>Header Files</Filter>
    </ClInclude>
    <ClInclude Include="..\..\..\..\..\Documents\IC Imaging Control 3.5\classlib\include\udshl\AnalogChannelItem.h">
      <Filter>Header Files</Filter>
    </ClInclude>
    <ClInclude Include="..\..\..\..\..\Documents\IC Imaging Control 3.5\classlib\include\udshl\Codec.h">
      <Filter>Header Files</Filter>
    </ClInclude>
    <ClInclude Include="..\..\..\..\..\Documents\IC Imaging Control 3.5\classlib\include\udshl\DeBayerTransform.h">
      <Filter>Header Files</Filter>
    </ClInclude>
    <ClInclude Include="..\..\..\..\..\Documents\IC Imaging Control 3.5\classlib\include\udshl\dshow_header.h">
      <Filter>Header Files</Filter>
    </ClInclude>
    <ClInclude Include="..\..\..\..\..\Documents\IC Imaging Control 3.5\classlib\include\udshl\dstring.h">
      <Filter>Header Files</Filter>
    </ClInclude>
    <ClInclude Include="..\..\..\..\..\Documents\IC Imaging Control 3.5\classlib\include\udshl\dvector.h">
      <Filter>Header Files</Filter>
    </ClInclude>
    <ClInclude Include="..\..\..\..\..\Documents\IC Imaging Control 3.5\classlib\include\udshl\Error.h">
      <Filter>Header Files</Filter>
    </ClInclude>
    <ClInclude Include="..\..\..\..\..\Documents\IC Imaging Control 3.5\classlib\include\udshl\FilterDll.h">
      <Filter>Header Files</Filter>
    </ClInclude>
    <ClInclude Include="..\..\..\..\..\Documents\IC Imaging Control 3.5\classlib\include\udshl\FilterFactory.h">
      <Filter>Header Files</Filter>
    </ClInclude>
    <ClInclude Include="..\..\..\..\..\Documents\IC Imaging Control 3.5\classlib\include\udshl\FilterLoader.h">
      <Filter>Header Files</Filter>
    </ClInclude>
    <ClInclude Include="..\..\..\..\..\Documents\IC Imaging Control 3.5\classlib\include\udshl\FrameFilter.h">
      <Filter>Header Files</Filter>
    </ClInclude>
    <ClInclude Include="..\..\..\..\..\Documents\IC Imaging Control 3.5\classlib\include\udshl\FrameFilterBase.h">
      <Filter>Header Files</Filter>
    </ClInclude>
    <ClInclude Include="..\..\..\..\..\Documents\IC Imaging Control 3.5\classlib\include\udshl\FrameFilterImpl.h">
      <Filter>Header Files</Filter>
    </ClInclude>
    <ClInclude Include="..\..\..\..\..\Documents\IC Imaging Control 3.5\classlib\include\udshl\FrameHandlerSink.h">
      <Filter>Header Files</Filter>
    </ClInclude>
    <ClInclude Include="..\..\..\..\..\Documents\IC Imaging Control 3.5\classlib\include\udshl\FrameNotificationSink.h">
      <Filter>Header Files</Filter>
    </ClInclude>
    <ClInclude Include="..\..\..\..\..\Documents\IC Imaging Control 3.5\classlib\include\udshl\FrameQueueBuffer.h">
      <Filter>Header Files</Filter>
    </ClInclude>
    <ClInclude Include="..\..\..\..\..\Documents\IC Imaging Control 3.5\classlib\include\udshl\FrameQueueSink.h">
      <Filter>Header Files</Filter>
    </ClInclude>
    <ClInclude Include="..\..\..\..\..\Documents\IC Imaging Control 3.5\classlib\include\udshl\FrameSnapSink.h">
      <Filter>Header Files</Filter>
    </ClInclude>
    <ClInclude Include="..\..\..\..\..\Documents\IC Imaging Control 3.5\classlib\include\udshl\FrameTypeInfo.h">
      <Filter>Header Files</Filter>
    </ClInclude>
    <ClInclude Include="..\..\..\..\..\Documents\IC Imaging Control 3.5\classlib\include\udshl\Grabber.h">
      <Filter>Header Files</Filter>
    </ClInclude>
    <ClInclude Include="..\..\..\..\..\Documents\IC Imaging Control 3.5\classlib\include\udshl\GrabberListener.h">
      <Filter>Header Files</Filter>
    </ClInclude>
    <ClInclude Include="..\..\..\..\..\Documents\IC Imaging Control 3.5\classlib\include\udshl\GrabberSinkType.h">
      <Filter>Header Files</Filter>
    </ClInclude>
    <ClInclude Include="..\..\..\..\..\Documents\IC Imaging Control 3.5\classlib\include\udshl\iframe_def.h">
      <Filter>Header Files</Filter>
    </ClInclude>
    <ClInclude Include="..\..\..\..\..\Documents\IC Imaging Control 3.5\classlib\include\udshl\int_interface_pre.h">
      <Filter>Header Files</Filter>
    </ClInclude>
    <ClInclude Include="..\..\..\..\..\Documents\IC Imaging Control 3.5\classlib\include\udshl\IVCDProperty.h">
      <Filter>Header Files</Filter>
    </ClInclude>
    <ClInclude Include="..\..\..\..\..\Documents\IC Imaging Control 3.5\classlib\include\udshl\IVCDProperty_inl.h">
      <Filter>Header Files</Filter>
    </ClInclude>
    <ClInclude Include="..\..\..\..\..\Documents\IC Imaging Control 3.5\classlib\include\udshl\IVCDPropertyInterfaces.h">
      <Filter>Header Files</Filter>
    </ClInclude>
    <ClInclude Include="..\..\..\..\..\Documents\IC Imaging Control 3.5\classlib\include\udshl\IVCDPropertyInterfaces_inl.h">
      <Filter>Header Files</Filter>
    </ClInclude>
    <ClInclude Include="..\..\..\..\..\Documents\IC Imaging Control 3.5\classlib\include\udshl\libbasedefs.h">
      <Filter>Header Files</Filter>
    </ClInclude>
    <ClInclude Include="..\..\..\..\..\Documents\IC Imaging Control 3.5\classlib\include\udshl\libutil_string.h">
      <Filter>Header Files</Filter>
    </ClInclude>
    <ClInclude Include="..\..\..\..\..\Documents\IC Imaging Control 3.5\classlib\include\udshl\MediaSampleInfo.h">
      <Filter>Header Files</Filter>
    </ClInclude>
    <ClInclude Include="..\..\..\..\..\Documents\IC Imaging Control 3.5\classlib\include\udshl\MediaSampleInfoDataStore.h">
      <Filter>Header Files</Filter>
    </ClInclude>
    <ClInclude Include="..\..\..\..\..\Documents\IC Imaging Control 3.5\classlib\include\udshl\MediaStreamContainer.h">
      <Filter>Header Files</Filter>
    </ClInclude>
    <ClInclude Include="..\..\..\..\..\Documents\IC Imaging Control 3.5\classlib\include\udshl\MediaStreamSink.h">
      <Filter>Header Files</Filter>
    </ClInclude>
    <ClInclude Include="..\..\..\..\..\Documents\IC Imaging Control 3.5\classlib\include\udshl\MemBuffer.h">
      <Filter>Header Files</Filter>
    </ClInclude>
    <ClInclude Include="..\..\..\..\..\Documents\IC Imaging Control 3.5\classlib\include\udshl\MemBufferCollection.h">
      <Filter>Header Files</Filter>
    </ClInclude>
    <ClInclude Include="..\..\..\..\..\Documents\IC Imaging Control 3.5\classlib\include\udshl\OverlayBitmap.h">
      <Filter>Header Files</Filter>
    </ClInclude>
    <ClInclude Include="..\..\..\..\..\Documents\IC Imaging Control 3.5\classlib\include\udshl\simplectypes.h">
      <Filter>Header Files</Filter>
    </ClInclude>
    <ClInclude Include="..\..\..\..\..\Documents\IC Imaging Control 3.5\classlib\include\udshl\smart_com.h">
      <Filter>Header Files</Filter>
    </ClInclude>
    <ClInclude Include="..\..\..\..\..\Documents\IC Imaging Control 3.5\classlib\include\udshl\smart_ptr.h">
      <Filter>Header Files</Filter>
    </ClInclude>
    <ClInclude Include="..\..\..\..\..\Documents\IC Imaging Control 3.5\classlib\include\udshl\udshl_defs.h">
      <Filter>Header Files</Filter>
    </ClInclude>
    <ClInclude Include="..\..\..\..\..\Documents\IC Imaging Control 3.5\classlib\include\udshl\udshl_include.h">
      <Filter>Header Files</Filter>
    </ClInclude>
    <ClInclude Include="..\..\..\..\..\Documents\IC Imaging Control 3.5\classlib\include\udshl\udshl_lnk.h">
      <Filter>Header Files</Filter>
    </ClInclude>
    <ClInclude Include="..\..\..\..\..\Documents\IC Imaging Control 3.5\classlib\include\udshl\VCDPropertyID.h">
      <Filter>Header Files</Filter>
    </ClInclude>
    <ClInclude Include="..\..\..\..\..\Documents\IC Imaging Control 3.5\classlib\include\udshl\VideoCaptureDeviceItem.h">
      <Filter>Header Files</Filter>
    </ClInclude>
    <ClInclude Include="..\..\..\..\..\Documents\IC Imaging Control 3.5\classlib\include\udshl\VideoFormatDesc.h">
      <Filter>Header Files</Filter>
    </ClInclude>
    <ClInclude Include="..\..\..\..\..\Documents\IC Imaging Control 3.5\classlib\include\udshl\VideoFormatItem.h">
      <Filter>Header Files</Filter>
    </ClInclude>
    <ClInclude Include="..\..\..\..\..\Documents\IC Imaging Control 3.5\classlib\include\udshl\VideoNormItem.h">
      <Filter>Header Files</Filter>
    </ClInclude>
    <ClInclude Include="..\..\..\..\..\Documents\IC Imaging Control 3.5\classlib\include\tisudshl.h">
      <Filter>Header Files</Filter>
    </ClInclude>
    <ClInclude Include="WorMotel.h">
      <Filter>Header Files</Filter>
    </ClInclude>
  </ItemGroup>
</Project>