
Microsoft Visual Studio Solution File, Format Version 12.00
# Visual Studio 15
VisualStudioVersion = 15.0.28307.1525
MinimumVisualStudioVersion = 10.0.40219.1
Project("{888888A0-9F3D-457C-B088-3A5042F75D52}") = "WormPickerPythonAPI", "WormPickerPythonWrapper\WormPickerPythonAPI.pyproj", "{1AC78660-06F8-416A-90DF-6C20E5DEBAD1}"
EndProject
Global
	GlobalSection(SolutionConfigurationPlatforms) = preSolution
		Debug|Any CPU = Debug|Any CPU
		Release|Any CPU = Release|Any CPU
	EndGlobalSection
	GlobalSection(ProjectConfigurationPlatforms) = postSolution
		{1AC78660-06F8-416A-90DF-6C20E5DEBAD1}.Debug|Any CPU.ActiveCfg = Debug|Any CPU
		{1AC78660-06F8-416A-90DF-6C20E5DEBAD1}.Release|Any CPU.ActiveCfg = Release|Any CPU
	EndGlobalSection
	GlobalSection(SolutionProperties) = preSolution
		HideSolutionNode = FALSE
	EndGlobalSection
	GlobalSection(ExtensibilityGlobals) = postSolution
		SolutionGuid = {D819CAE7-E753-47ED-9B46-40509EF30D40}
	EndGlobalSection
EndGlobal
